
Microsoft Visual Studio Solution File, Format Version 12.00
# Visual Studio Version 17
VisualStudioVersion = 17.7.34003.232
MinimumVisualStudioVersion = 10.0.40219.1
Project("{9A19103F-16F7-4668-BE54-9A1E7A4F7556}") = "CursoC#Avancado", "CursoC#Avancado\CursoC#Avancado.csproj", "{357B106D-190B-4D0D-8EF3-821610D228F1}"
EndProject
Project("{9A19103F-16F7-4668-BE54-9A1E7A4F7556}") = "Exercicios IF-ELSE", "Exercicios IF-ELSE\Exercicios IF-ELSE.csproj", "{B1969C41-02EA-4E92-B2DD-F43180144E32}"
EndProject
Project("{FAE04EC0-301F-11D3-BF4B-00C04F79EFBC}") = "TesteCEP", "TesteCEP\TesteCEP.csproj", "{37C7CEE1-C84C-490A-962F-97912101B285}"
EndProject
Global
	GlobalSection(SolutionConfigurationPlatforms) = preSolution
		Debug|Any CPU = Debug|Any CPU
		Release|Any CPU = Release|Any CPU
	EndGlobalSection
	GlobalSection(ProjectConfigurationPlatforms) = postSolution
		{357B106D-190B-4D0D-8EF3-821610D228F1}.Debug|Any CPU.ActiveCfg = Debug|Any CPU
		{357B106D-190B-4D0D-8EF3-821610D228F1}.Debug|Any CPU.Build.0 = Debug|Any CPU
		{357B106D-190B-4D0D-8EF3-821610D228F1}.Release|Any CPU.ActiveCfg = Release|Any CPU
		{357B106D-190B-4D0D-8EF3-821610D228F1}.Release|Any CPU.Build.0 = Release|Any CPU
		{B1969C41-02EA-4E92-B2DD-F43180144E32}.Debug|Any CPU.ActiveCfg = Debug|Any CPU
		{B1969C41-02EA-4E92-B2DD-F43180144E32}.Debug|Any CPU.Build.0 = Debug|Any CPU
		{B1969C41-02EA-4E92-B2DD-F43180144E32}.Release|Any CPU.ActiveCfg = Release|Any CPU
		{B1969C41-02EA-4E92-B2DD-F43180144E32}.Release|Any CPU.Build.0 = Release|Any CPU
		{37C7CEE1-C84C-490A-962F-97912101B285}.Debug|Any CPU.ActiveCfg = Debug|Any CPU
		{37C7CEE1-C84C-490A-962F-97912101B285}.Debug|Any CPU.Build.0 = Debug|Any CPU
		{37C7CEE1-C84C-490A-962F-97912101B285}.Release|Any CPU.ActiveCfg = Release|Any CPU
		{37C7CEE1-C84C-490A-962F-97912101B285}.Release|Any CPU.Build.0 = Release|Any CPU
	EndGlobalSection
	GlobalSection(SolutionProperties) = preSolution
		HideSolutionNode = FALSE
	EndGlobalSection
	GlobalSection(ExtensibilityGlobals) = postSolution
		SolutionGuid = {ED018D34-7FFD-4E10-B0A5-C45CC8D14CAE}
	EndGlobalSection
EndGlobal
